
Microsoft Visual Studio Solution File, Format Version 12.00
# Visual Studio Version 17
VisualStudioVersion = 17.0.32112.339
MinimumVisualStudioVersion = 10.0.40219.1
Project("{9A19103F-16F7-4668-BE54-9A1E7A4F7556}") = "ApiEmpresas.Services", "ApiEmpresas.Services\ApiEmpresas.Services.csproj", "{C3F3AF85-5764-4C08-BD64-6FA58710E0DE}"
EndProject
Project("{2150E333-8FDC-42A3-9474-1A3956D46DE8}") = "1 - Services Layer", "1 - Services Layer", "{D73FECAB-B48C-4A03-9B9C-64E289B524C2}"
EndProject
Project("{2150E333-8FDC-42A3-9474-1A3956D46DE8}") = "2 - InfraStructure Layer", "2 - InfraStructure Layer", "{D012D3B0-8351-41B9-A188-86419F0B402A}"
EndProject
Project("{FAE04EC0-301F-11D3-BF4B-00C04F79EFBC}") = "ApiEmpresas.Infra.Data", "ApiEmpresas.Infra.Data\ApiEmpresas.Infra.Data.csproj", "{7D280022-8CE0-4F91-B642-B9D36234879B}"
EndProject
Global
	GlobalSection(SolutionConfigurationPlatforms) = preSolution
		Debug|Any CPU = Debug|Any CPU
		Release|Any CPU = Release|Any CPU
	EndGlobalSection
	GlobalSection(ProjectConfigurationPlatforms) = postSolution
		{C3F3AF85-5764-4C08-BD64-6FA58710E0DE}.Debug|Any CPU.ActiveCfg = Debug|Any CPU
		{C3F3AF85-5764-4C08-BD64-6FA58710E0DE}.Debug|Any CPU.Build.0 = Debug|Any CPU
		{C3F3AF85-5764-4C08-BD64-6FA58710E0DE}.Release|Any CPU.ActiveCfg = Release|Any CPU
		{C3F3AF85-5764-4C08-BD64-6FA58710E0DE}.Release|Any CPU.Build.0 = Release|Any CPU
		{7D280022-8CE0-4F91-B642-B9D36234879B}.Debug|Any CPU.ActiveCfg = Debug|Any CPU
		{7D280022-8CE0-4F91-B642-B9D36234879B}.Debug|Any CPU.Build.0 = Debug|Any CPU
		{7D280022-8CE0-4F91-B642-B9D36234879B}.Release|Any CPU.ActiveCfg = Release|Any CPU
		{7D280022-8CE0-4F91-B642-B9D36234879B}.Release|Any CPU.Build.0 = Release|Any CPU
	EndGlobalSection
	GlobalSection(SolutionProperties) = preSolution
		HideSolutionNode = FALSE
	EndGlobalSection
	GlobalSection(NestedProjects) = preSolution
		{C3F3AF85-5764-4C08-BD64-6FA58710E0DE} = {D73FECAB-B48C-4A03-9B9C-64E289B524C2}
		{7D280022-8CE0-4F91-B642-B9D36234879B} = {D012D3B0-8351-41B9-A188-86419F0B402A}
	EndGlobalSection
	GlobalSection(ExtensibilityGlobals) = postSolution
		SolutionGuid = {D2D08EBE-87FC-4A7A-BDFB-4062A3C66B48}
	EndGlobalSection
EndGlobal
